
Microsoft Visual Studio Solution File, Format Version 12.00
# Visual Studio Version 16
VisualStudioVersion = 16.0.30011.22
MinimumVisualStudioVersion = 10.0.40219.1
Project("{FAE04EC0-301F-11D3-BF4B-00C04F79EFBC}") = "Inheriting_and_Pholimorphism_Class", "Inheriting_and_Pholimorphism_Class.csproj", "{1B26938C-8B0F-49C3-BB2D-0B0CEB8C2701}"
EndProject
Global
	GlobalSection(SolutionConfigurationPlatforms) = preSolution
		Debug|Any CPU = Debug|Any CPU
		Release|Any CPU = Release|Any CPU
	EndGlobalSection
	GlobalSection(ProjectConfigurationPlatforms) = postSolution
		{1B26938C-8B0F-49C3-BB2D-0B0CEB8C2701}.Debug|Any CPU.ActiveCfg = Debug|Any CPU
		{1B26938C-8B0F-49C3-BB2D-0B0CEB8C2701}.Debug|Any CPU.Build.0 = Debug|Any CPU
		{1B26938C-8B0F-49C3-BB2D-0B0CEB8C2701}.Release|Any CPU.ActiveCfg = Release|Any CPU
		{1B26938C-8B0F-49C3-BB2D-0B0CEB8C2701}.Release|Any CPU.Build.0 = Release|Any CPU
	EndGlobalSection
	GlobalSection(SolutionProperties) = preSolution
		HideSolutionNode = FALSE
	EndGlobalSection
	GlobalSection(ExtensibilityGlobals) = postSolution
		SolutionGuid = {ADA72F1D-632D-4056-BA71-A757346FF577}
	EndGlobalSection
EndGlobal
